
Microsoft Visual Studio Solution File, Format Version 12.00
# Visual Studio Version 17
VisualStudioVersion = 17.7.34024.191
MinimumVisualStudioVersion = 10.0.40219.1
Project("{9A19103F-16F7-4668-BE54-9A1E7A4F7556}") = "SendNotifications.Functions", "SendNotifications.Functions.csproj", "{AC2A324C-324B-4B2C-B378-CEC050FEB9FD}"
EndProject
Project("{9A19103F-16F7-4668-BE54-9A1E7A4F7556}") = "SendNotification.Services", "..\SendNotification.Services\SendNotification.Services.csproj", "{4094771B-1DF8-44FB-9E75-C0E19A6D4AB3}"
EndProject
Project("{FAE04EC0-301F-11D3-BF4B-00C04F79EFBC}") = "SendNotification.Services.Tests", "..\SendNotification.Services.Tests\SendNotification.Services.Tests.csproj", "{1CFBAB8D-B880-4304-A1F8-67402D4EC2BF}"
EndProject
Global
	GlobalSection(SolutionConfigurationPlatforms) = preSolution
		Debug|Any CPU = Debug|Any CPU
		Release|Any CPU = Release|Any CPU
	EndGlobalSection
	GlobalSection(ProjectConfigurationPlatforms) = postSolution
		{AC2A324C-324B-4B2C-B378-CEC050FEB9FD}.Debug|Any CPU.ActiveCfg = Debug|Any CPU
		{AC2A324C-324B-4B2C-B378-CEC050FEB9FD}.Debug|Any CPU.Build.0 = Debug|Any CPU
		{AC2A324C-324B-4B2C-B378-CEC050FEB9FD}.Release|Any CPU.ActiveCfg = Release|Any CPU
		{AC2A324C-324B-4B2C-B378-CEC050FEB9FD}.Release|Any CPU.Build.0 = Release|Any CPU
		{4094771B-1DF8-44FB-9E75-C0E19A6D4AB3}.Debug|Any CPU.ActiveCfg = Debug|Any CPU
		{4094771B-1DF8-44FB-9E75-C0E19A6D4AB3}.Debug|Any CPU.Build.0 = Debug|Any CPU
		{4094771B-1DF8-44FB-9E75-C0E19A6D4AB3}.Release|Any CPU.ActiveCfg = Release|Any CPU
		{4094771B-1DF8-44FB-9E75-C0E19A6D4AB3}.Release|Any CPU.Build.0 = Release|Any CPU
		{1CFBAB8D-B880-4304-A1F8-67402D4EC2BF}.Debug|Any CPU.ActiveCfg = Debug|Any CPU
		{1CFBAB8D-B880-4304-A1F8-67402D4EC2BF}.Debug|Any CPU.Build.0 = Debug|Any CPU
		{1CFBAB8D-B880-4304-A1F8-67402D4EC2BF}.Release|Any CPU.ActiveCfg = Release|Any CPU
		{1CFBAB8D-B880-4304-A1F8-67402D4EC2BF}.Release|Any CPU.Build.0 = Release|Any CPU
	EndGlobalSection
	GlobalSection(SolutionProperties) = preSolution
		HideSolutionNode = FALSE
	EndGlobalSection
	GlobalSection(ExtensibilityGlobals) = postSolution
		SolutionGuid = {02713CC4-CE64-4576-849C-D2392BC3301D}
	EndGlobalSection
EndGlobal
